// !$*UTF8*$!
{
	archiveVersion = 1;
	classes = {
	};
	objectVersion = 46;
	objects = {

/* Begin PBXBuildFile section */
		DA8EF8EA1CC6B81A00E82CAD /* HxSTLParser.h in Headers */ = {isa = PBXBuildFile; fileRef = DA8EF8E91CC6B81A00E82CAD /* HxSTLParser.h */; settings = {ATTRIBUTES = (Public, ); }; };
		DA8EF8F31CC6B82F00E82CAD /* STLParser.h in Headers */ = {isa = PBXBuildFile; fileRef = DA8EF8F11CC6B82F00E82CAD /* STLParser.h */; settings = {ATTRIBUTES = (Public, ); }; };
		DA8EF8F41CC6B82F00E82CAD /* STLParser.m in Sources */ = {isa = PBXBuildFile; fileRef = DA8EF8F21CC6B82F00E82CAD /* STLParser.m */; };
		DA8EF8F61CC6B85400E82CAD /* SceneKit.framework in Frameworks */ = {isa = PBXBuildFile; fileRef = DA8EF8F51CC6B85400E82CAD /* SceneKit.framework */; };
/* End PBXBuildFile section */

/* Begin PBXFileReference section */
		DA8EF8E61CC6B81A00E82CAD /* HxSTLParser.framework */ = {isa = PBXFileReference; explicitFileType = wrapper.framework; includeInIndex = 0; path = HxSTLParser.framework; sourceTree = BUILT_PRODUCTS_DIR; };
		DA8EF8E91CC6B81A00E82CAD /* HxSTLParser.h */ = {isa = PBXFileReference; lastKnownFileType = sourcecode.c.h; path = HxSTLParser.h; sourceTree = "<group>"; };
		DA8EF8EB1CC6B81A00E82CAD /* Info.plist */ = {isa = PBXFileReference; lastKnownFileType = text.plist.xml; path = Info.plist; sourceTree = "<group>"; };
		DA8EF8F11CC6B82F00E82CAD /* STLParser.h */ = {isa = PBXFileReference; fileEncoding = 4; lastKnownFileType = sourcecode.c.h; path = STLParser.h; sourceTree = "<group>"; };
		DA8EF8F21CC6B82F00E82CAD /* STLParser.m */ = {isa = PBXFileReference; fileEncoding = 4; lastKnownFileType = sourcecode.c.objc; path = STLParser.m; sourceTree = "<group>"; };
		DA8EF8F51CC6B85400E82CAD /* SceneKit.framework */ = {isa = PBXFileReference; lastKnownFileType = wrapper.framework; name = SceneKit.framework; path = System/Library/Frameworks/SceneKit.framework; sourceTree = SDKROOT; };
/* End PBXFileReference section */

/* Begin PBXFrameworksBuildPhase section */
		DA8EF8E21CC6B81A00E82CAD /* Frameworks */ = {
			isa = PBXFrameworksBuildPhase;
			buildActionMask = 2147483647;
			files = (
				DA8EF8F61CC6B85400E82CAD /* SceneKit.framework in Frameworks */,
			);
			runOnlyForDeploymentPostprocessing = 0;
		};
/* End PBXFrameworksBuildPhase section */

/* Begin PBXGroup section */
		DA8EF8DC1CC6B81A00E82CAD = {
			isa = PBXGroup;
			children = (
				DA8EF8F51CC6B85400E82CAD /* SceneKit.framework */,
				DA8EF8E81CC6B81A00E82CAD /* HxSTLParser */,
				DA8EF8E71CC6B81A00E82CAD /* Products */,
			);
			sourceTree = "<group>";
		};
		DA8EF8E71CC6B81A00E82CAD /* Products */ = {
			isa = PBXGroup;
			children = (
				DA8EF8E61CC6B81A00E82CAD /* HxSTLParser.framework */,
			);
			name = Products;
			sourceTree = "<group>";
		};
		DA8EF8E81CC6B81A00E82CAD /* HxSTLParser */ = {
			isa = PBXGroup;
			children = (
				DA8EF8F11CC6B82F00E82CAD /* STLParser.h */,
				DA8EF8F21CC6B82F00E82CAD /* STLParser.m */,
				DA8EF8E91CC6B81A00E82CAD /* HxSTLParser.h */,
				DA8EF8EB1CC6B81A00E82CAD /* Info.plist */,
			);
			path = HxSTLParser;
			sourceTree = "<group>";
		};
/* End PBXGroup section */

/* Begin PBXHeadersBuildPhase section */
		DA8EF8E31CC6B81A00E82CAD /* Headers */ = {
			isa = PBXHeadersBuildPhase;
			buildActionMask = 2147483647;
			files = (
				DA8EF8EA1CC6B81A00E82CAD /* HxSTLParser.h in Headers */,
				DA8EF8F31CC6B82F00E82CAD /* STLParser.h in Headers */,
			);
			runOnlyForDeploymentPostprocessing = 0;
		};
/* End PBXHeadersBuildPhase section */

/* Begin PBXNativeTarget section */
		DA8EF8E51CC6B81A00E82CAD /* HxSTLParser */ = {
			isa = PBXNativeTarget;
			buildConfigurationList = DA8EF8EE1CC6B81A00E82CAD /* Build configuration list for PBXNativeTarget "HxSTLParser" */;
			buildPhases = (
				DA8EF8E11CC6B81A00E82CAD /* Sources */,
				DA8EF8E21CC6B81A00E82CAD /* Frameworks */,
				DA8EF8E31CC6B81A00E82CAD /* Headers */,
				DA8EF8E41CC6B81A00E82CAD /* Resources */,
			);
			buildRules = (
			);
			dependencies = (
			);
			name = HxSTLParser;
			productName = HxSTLParser;
			productReference = DA8EF8E61CC6B81A00E82CAD /* HxSTLParser.framework */;
			productType = "com.apple.product-type.framework";
		};
/* End PBXNativeTarget section */

/* Begin PBXProject section */
		DA8EF8DD1CC6B81A00E82CAD /* Project object */ = {
			isa = PBXProject;
			attributes = {
				LastUpgradeCheck = 0730;
				ORGANIZATIONNAME = "Victor Gama";
				TargetAttributes = {
					DA8EF8E51CC6B81A00E82CAD = {
						CreatedOnToolsVersion = 7.3;
					};
				};
			};
			buildConfigurationList = DA8EF8E01CC6B81A00E82CAD /* Build configuration list for PBXProject "HxSTLParser" */;
			compatibilityVersion = "Xcode 3.2";
			developmentRegion = English;
			hasScannedForEncodings = 0;
			knownRegions = (
				en,
			);
			mainGroup = DA8EF8DC1CC6B81A00E82CAD;
			productRefGroup = DA8EF8E71CC6B81A00E82CAD /* Products */;
			projectDirPath = "";
			projectRoot = "";
			targets = (
				DA8EF8E51CC6B81A00E82CAD /* HxSTLParser */,
			);
		};
/* End PBXProject section */

/* Begin PBXResourcesBuildPhase section */
		DA8EF8E41CC6B81A00E82CAD /* Resources */ = {
			isa = PBXResourcesBuildPhase;
			buildActionMask = 2147483647;
			files = (
			);
			runOnlyForDeploymentPostprocessing = 0;
		};
/* End PBXResourcesBuildPhase section */

/* Begin PBXSourcesBuildPhase section */
		DA8EF8E11CC6B81A00E82CAD /* Sources */ = {
			isa = PBXSourcesBuildPhase;
			buildActionMask = 2147483647;
			files = (
				DA8EF8F41CC6B82F00E82CAD /* STLParser.m in Sources */,
			);
			runOnlyForDeploymentPostprocessing = 0;
		};
/* End PBXSourcesBuildPhase section */

/* Begin XCBuildConfiguration section */
		DA8EF8EC1CC6B81A00E82CAD /* Debug */ = {
			isa = XCBuildConfiguration;
			buildSettings = {
				ALWAYS_SEARCH_USER_PATHS = NO;
				CLANG_ANALYZER_NONNULL = YES;
				CLANG_CXX_LANGUAGE_STANDARD = "gnu++0x";
				CLANG_CXX_LIBRARY = "libc++";
				CLANG_ENABLE_MODULES = YES;
				CLANG_ENABLE_OBJC_ARC = YES;
				CLANG_WARN_BOOL_CONVERSION = YES;
				CLANG_WARN_CONSTANT_CONVERSION = YES;
				CLANG_WARN_DIRECT_OBJC_ISA_USAGE = YES_ERROR;
				CLANG_WARN_EMPTY_BODY = YES;
				CLANG_WARN_ENUM_CONVERSION = YES;
				CLANG_WARN_INT_CONVERSION = YES;
				CLANG_WARN_OBJC_ROOT_CLASS = YES_ERROR;
				CLANG_WARN_UNREACHABLE_CODE = YES;
				CLANG_WARN__DUPLICATE_METHOD_MATCH = YES;
				"CODE_SIGN_IDENTITY[sdk=iphoneos*]" = "iPhone Developer";
				COPY_PHASE_STRIP = NO;
				CURRENT_PROJECT_VERSION = 1;
				DEBUG_INFORMATION_FORMAT = dwarf;
				ENABLE_STRICT_OBJC_MSGSEND = YES;
				ENABLE_TESTABILITY = YES;
				GCC_C_LANGUAGE_STANDARD = gnu99;
				GCC_DYNAMIC_NO_PIC = NO;
				GCC_NO_COMMON_BLOCKS = YES;
				GCC_OPTIMIZATION_LEVEL = 0;
				GCC_PREPROCESSOR_DEFINITIONS = (
					"DEBUG=1",
					"$(inherited)",
				);
				GCC_WARN_64_TO_32_BIT_CONVERSION = YES;
				GCC_WARN_ABOUT_RETURN_TYPE = YES_ERROR;
				GCC_WARN_UNDECLARED_SELECTOR = YES;
				GCC_WARN_UNINITIALIZED_AUTOS = YES_AGGRESSIVE;
				GCC_WARN_UNUSED_FUNCTION = YES;
				GCC_WARN_UNUSED_VARIABLE = YES;
				IPHONEOS_DEPLOYMENT_TARGET = 9.3;
				MTL_ENABLE_DEBUG_INFO = YES;
				ONLY_ACTIVE_ARCH = YES;
				SDKROOT = iphoneos;
				TARGETED_DEVICE_FAMILY = "1,2";
				VERSIONING_SYSTEM = "apple-generic";
				VERSION_INFO_PREFIX = "";
			};
			name = Debug;
		};
		DA8EF8ED1CC6B81A00E82CAD /* Release */ = {
			isa = XCBuildConfiguration;
			buildSettings = {
				ALWAYS_SEARCH_USER_PATHS = NO;
				CLANG_ANALYZER_NONNULL = YES;
				CLANG_CXX_LANGUAGE_STANDARD = "gnu++0x";
				CLANG_CXX_LIBRARY = "libc++";
				CLANG_ENABLE_MODULES = YES;
				CLANG_ENABLE_OBJC_ARC = YES;
				CLANG_WARN_BOOL_CONVERSION = YES;
				CLANG_WARN_CONSTANT_CONVERSION = YES;
				CLANG_WARN_DIRECT_OBJC_ISA_USAGE = YES_ERROR;
				CLANG_WARN_EMPTY_BODY = YES;
				CLANG_WARN_ENUM_CONVERSION = YES;
				CLANG_WARN_INT_CONVERSION = YES;
				CLANG_WARN_OBJC_ROOT_CLASS = YES_ERROR;
				CLANG_WARN_UNREACHABLE_CODE = YES;
				CLANG_WARN__DUPLICATE_METHOD_MATCH = YES;
				"CODE_SIGN_IDENTITY[sdk=iphoneos*]" = "iPhone Developer";
				COPY_PHASE_STRIP = NO;
				CURRENT_PROJECT_VERSION = 1;
				DEBUG_INFORMATION_FORMAT = "dwarf-with-dsym";
				ENABLE_NS_ASSERTIONS = NO;
				ENABLE_STRICT_OBJC_MSGSEND = YES;
				GCC_C_LANGUAGE_STANDARD = gnu99;
				GCC_NO_COMMON_BLOCKS = YES;
				GCC_WARN_64_TO_32_BIT_CONVERSION = YES;
				GCC_WARN_ABOUT_RETURN_TYPE = YES_ERROR;
				GCC_WARN_UNDECLARED_SELECTOR = YES;
				GCC_WARN_UNINITIALIZED_AUTOS = YES_AGGRESSIVE;
				GCC_WARN_UNUSED_FUNCTION = YES;
				GCC_WARN_UNUSED_VARIABLE = YES;
				IPHONEOS_DEPLOYMENT_TARGET = 9.3;
				MTL_ENABLE_DEBUG_INFO = NO;
				SDKROOT = iphoneos;
				TARGETED_DEVICE_FAMILY = "1,2";
				VALIDATE_PRODUCT = YES;
				VERSIONING_SYSTEM = "apple-generic";
				VERSION_INFO_PREFIX = "";
			};
			name = Release;
		};
		DA8EF8EF1CC6B81A00E82CAD /* Debug */ = {
			isa = XCBuildConfiguration;
			buildSettings = {
				DEFINES_MODULE = YES;
				DYLIB_COMPATIBILITY_VERSION = 1;
				DYLIB_CURRENT_VERSION = 1;
				DYLIB_INSTALL_NAME_BASE = "@rpath";
				INFOPLIST_FILE = HxSTLParser/Info.plist;
				INSTALL_PATH = "$(LOCAL_LIBRARY_DIR)/Frameworks";
				LD_RUNPATH_SEARCH_PATHS = "$(inherited) @executable_path/Frameworks @loader_path/Frameworks";
				PRODUCT_BUNDLE_IDENTIFIER = io.vito.HxSTLParser;
				PRODUCT_NAME = "$(TARGET_NAME)";
				SKIP_INSTALL = YES;
			};
			name = Debug;
		};
		DA8EF8F01CC6B81A00E82CAD /* Release */ = {
			isa = XCBuildConfiguration;
			buildSettings = {
				DEFINES_MODULE = YES;
				DYLIB_COMPATIBILITY_VERSION = 1;
				DYLIB_CURRENT_VERSION = 1;
				DYLIB_INSTALL_NAME_BASE = "@rpath";
				INFOPLIST_FILE = HxSTLParser/Info.plist;
				INSTALL_PATH = "$(LOCAL_LIBRARY_DIR)/Frameworks";
				LD_RUNPATH_SEARCH_PATHS = "$(inherited) @executable_path/Frameworks @loader_path/Frameworks";
				PRODUCT_BUNDLE_IDENTIFIER = io.vito.HxSTLParser;
				PRODUCT_NAME = "$(TARGET_NAME)";
				SKIP_INSTALL = YES;
			};
			name = Release;
		};
/* End XCBuildConfiguration section */

/* Begin XCConfigurationList section */
		DA8EF8E01CC6B81A00E82CAD /* Build configuration list for PBXProject "HxSTLParser" */ = {
			isa = XCConfigurationList;
			buildConfigurations = (
				DA8EF8EC1CC6B81A00E82CAD /* Debug */,
				DA8EF8ED1CC6B81A00E82CAD /* Release */,
			);
			defaultConfigurationIsVisible = 0;
			defaultConfigurationName = Release;
		};
		DA8EF8EE1CC6B81A00E82CAD /* Build configuration list for PBXNativeTarget "HxSTLParser" */ = {
			isa = XCConfigurationList;
			buildConfigurations = (
				DA8EF8EF1CC6B81A00E82CAD /* Debug */,
				DA8EF8F01CC6B81A00E82CAD /* Release */,
			);
			defaultConfigurationIsVisible = 0;
		};
/* End XCConfigurationList section */
	};
	rootObject = DA8EF8DD1CC6B81A00E82CAD /* Project object */;
}
